// !$*UTF8*$!
{
	archiveVersion = 1;
	classes = {
	};
	objectVersion = 46;
	objects = {

/* Begin PBXBuildFile section */
		1EF66FF919AF6EE800D0BAA7 /* main.m in Sources */ = {isa = PBXBuildFile; fileRef = 1EF66FF819AF6EE800D0BAA7 /* main.m */; };
		1EF66FFC19AF6EE800D0BAA7 /* AppDelegate.m in Sources */ = {isa = PBXBuildFile; fileRef = 1EF66FFB19AF6EE800D0BAA7 /* AppDelegate.m */; };
		1EF66FFF19AF6EE800D0BAA7 /* ViewController.m in Sources */ = {isa = PBXBuildFile; fileRef = 1EF66FFE19AF6EE800D0BAA7 /* ViewController.m */; };
		1EF6700219AF6EE800D0BAA7 /* Main.storyboard in Resources */ = {isa = PBXBuildFile; fileRef = 1EF6700019AF6EE800D0BAA7 /* Main.storyboard */; };
		1EF6700419AF6EE800D0BAA7 /* Images.xcassets in Resources */ = {isa = PBXBuildFile; fileRef = 1EF6700319AF6EE800D0BAA7 /* Images.xcassets */; };
		1EF6701019AF6EE800D0BAA7 /* SplitViewControllerTests.m in Sources */ = {isa = PBXBuildFile; fileRef = 1EF6700F19AF6EE800D0BAA7 /* SplitViewControllerTests.m */; };
/* End PBXBuildFile section */

/* Begin PBXContainerItemProxy section */
		1EF6700A19AF6EE800D0BAA7 /* PBXContainerItemProxy */ = {
			isa = PBXContainerItemProxy;
			containerPortal = 1EF66FEB19AF6EE800D0BAA7 /* Project object */;
			proxyType = 1;
			remoteGlobalIDString = 1EF66FF219AF6EE800D0BAA7;
			remoteInfo = SplitViewController;
		};
/* End PBXContainerItemProxy section */

/* Begin PBXFileReference section */
		1EF66FF319AF6EE800D0BAA7 /* SplitViewController.app */ = {isa = PBXFileReference; explicitFileType = wrapper.application; includeInIndex = 0; path = SplitViewController.app; sourceTree = BUILT_PRODUCTS_DIR; };
		1EF66FF719AF6EE800D0BAA7 /* Info.plist */ = {isa = PBXFileReference; lastKnownFileType = text.plist.xml; path = Info.plist; sourceTree = "<group>"; };
		1EF66FF819AF6EE800D0BAA7 /* main.m */ = {isa = PBXFileReference; lastKnownFileType = sourcecode.c.objc; path = main.m; sourceTree = "<group>"; };
		1EF66FFA19AF6EE800D0BAA7 /* AppDelegate.h */ = {isa = PBXFileReference; lastKnownFileType = sourcecode.c.h; path = AppDelegate.h; sourceTree = "<group>"; };
		1EF66FFB19AF6EE800D0BAA7 /* AppDelegate.m */ = {isa = PBXFileReference; lastKnownFileType = sourcecode.c.objc; path = AppDelegate.m; sourceTree = "<group>"; };
		1EF66FFD19AF6EE800D0BAA7 /* ViewController.h */ = {isa = PBXFileReference; lastKnownFileType = sourcecode.c.h; path = ViewController.h; sourceTree = "<group>"; };
		1EF66FFE19AF6EE800D0BAA7 /* ViewController.m */ = {isa = PBXFileReference; lastKnownFileType = sourcecode.c.objc; path = ViewController.m; sourceTree = "<group>"; };
		1EF6700119AF6EE800D0BAA7 /* Base */ = {isa = PBXFileReference; lastKnownFileType = file.storyboard; name = Base; path = Base.lproj/Main.storyboard; sourceTree = "<group>"; };
		1EF6700319AF6EE800D0BAA7 /* Images.xcassets */ = {isa = PBXFileReference; lastKnownFileType = folder.assetcatalog; path = Images.xcassets; sourceTree = "<group>"; };
		1EF6700919AF6EE800D0BAA7 /* SplitViewControllerTests.xctest */ = {isa = PBXFileReference; explicitFileType = wrapper.cfbundle; includeInIndex = 0; path = SplitViewControllerTests.xctest; sourceTree = BUILT_PRODUCTS_DIR; };
		1EF6700E19AF6EE800D0BAA7 /* Info.plist */ = {isa = PBXFileReference; lastKnownFileType = text.plist.xml; path = Info.plist; sourceTree = "<group>"; };
		1EF6700F19AF6EE800D0BAA7 /* SplitViewControllerTests.m */ = {isa = PBXFileReference; lastKnownFileType = sourcecode.c.objc; path = SplitViewControllerTests.m; sourceTree = "<group>"; };
/* End PBXFileReference section */

/* Begin PBXFrameworksBuildPhase section */
		1EF66FF019AF6EE800D0BAA7 /* Frameworks */ = {
			isa = PBXFrameworksBuildPhase;
			buildActionMask = 2147483647;
			files = (
			);
			runOnlyForDeploymentPostprocessing = 0;
		};
		1EF6700619AF6EE800D0BAA7 /* Frameworks */ = {
			isa = PBXFrameworksBuildPhase;
			buildActionMask = 2147483647;
			files = (
			);
			runOnlyForDeploymentPostprocessing = 0;
		};
/* End PBXFrameworksBuildPhase section */

/* Begin PBXGroup section */
		1EF66FEA19AF6EE800D0BAA7 = {
			isa = PBXGroup;
			children = (
				1EF66FF519AF6EE800D0BAA7 /* SplitViewController */,
				1EF6700C19AF6EE800D0BAA7 /* SplitViewControllerTests */,
				1EF66FF419AF6EE800D0BAA7 /* Products */,
			);
			sourceTree = "<group>";
		};
		1EF66FF419AF6EE800D0BAA7 /* Products */ = {
			isa = PBXGroup;
			children = (
				1EF66FF319AF6EE800D0BAA7 /* SplitViewController.app */,
				1EF6700919AF6EE800D0BAA7 /* SplitViewControllerTests.xctest */,
			);
			name = Products;
			sourceTree = "<group>";
		};
		1EF66FF519AF6EE800D0BAA7 /* SplitViewController */ = {
			isa = PBXGroup;
			children = (
				1EF66FFA19AF6EE800D0BAA7 /* AppDelegate.h */,
				1EF66FFB19AF6EE800D0BAA7 /* AppDelegate.m */,
				1EF66FFD19AF6EE800D0BAA7 /* ViewController.h */,
				1EF66FFE19AF6EE800D0BAA7 /* ViewController.m */,
				1EF6700019AF6EE800D0BAA7 /* Main.storyboard */,
				1EF6700319AF6EE800D0BAA7 /* Images.xcassets */,
				1EF66FF619AF6EE800D0BAA7 /* Supporting Files */,
			);
			path = SplitViewController;
			sourceTree = "<group>";
		};
		1EF66FF619AF6EE800D0BAA7 /* Supporting Files */ = {
			isa = PBXGroup;
			children = (
				1EF66FF719AF6EE800D0BAA7 /* Info.plist */,
				1EF66FF819AF6EE800D0BAA7 /* main.m */,
			);
			name = "Supporting Files";
			sourceTree = "<group>";
		};
		1EF6700C19AF6EE800D0BAA7 /* SplitViewControllerTests */ = {
			isa = PBXGroup;
			children = (
				1EF6700F19AF6EE800D0BAA7 /* SplitViewControllerTests.m */,
				1EF6700D19AF6EE800D0BAA7 /* Supporting Files */,
			);
			path = SplitViewControllerTests;
			sourceTree = "<group>";
		};
		1EF6700D19AF6EE800D0BAA7 /* Supporting Files */ = {
			isa = PBXGroup;
			children = (
				1EF6700E19AF6EE800D0BAA7 /* Info.plist */,
			);
			name = "Supporting Files";
			sourceTree = "<group>";
		};
/* End PBXGroup section */

/* Begin PBXNativeTarget section */
		1EF66FF219AF6EE800D0BAA7 /* SplitViewController */ = {
			isa = PBXNativeTarget;
			buildConfigurationList = 1EF6701319AF6EE800D0BAA7 /* Build configuration list for PBXNativeTarget "SplitViewController" */;
			buildPhases = (
				1EF66FEF19AF6EE800D0BAA7 /* Sources */,
				1EF66FF019AF6EE800D0BAA7 /* Frameworks */,
				1EF66FF119AF6EE800D0BAA7 /* Resources */,
			);
			buildRules = (
			);
			dependencies = (
			);
			name = SplitViewController;
			productName = SplitViewController;
			productReference = 1EF66FF319AF6EE800D0BAA7 /* SplitViewController.app */;
			productType = "com.apple.product-type.application";
		};
		1EF6700819AF6EE800D0BAA7 /* SplitViewControllerTests */ = {
			isa = PBXNativeTarget;
			buildConfigurationList = 1EF6701619AF6EE800D0BAA7 /* Build configuration list for PBXNativeTarget "SplitViewControllerTests" */;
			buildPhases = (
				1EF6700519AF6EE800D0BAA7 /* Sources */,
				1EF6700619AF6EE800D0BAA7 /* Frameworks */,
				1EF6700719AF6EE800D0BAA7 /* Resources */,
			);
			buildRules = (
			);
			dependencies = (
				1EF6700B19AF6EE800D0BAA7 /* PBXTargetDependency */,
			);
			name = SplitViewControllerTests;
			productName = SplitViewControllerTests;
			productReference = 1EF6700919AF6EE800D0BAA7 /* SplitViewControllerTests.xctest */;
			productType = "com.apple.product-type.bundle.unit-test";
		};
/* End PBXNativeTarget section */

/* Begin PBXProject section */
		1EF66FEB19AF6EE800D0BAA7 /* Project object */ = {
			isa = PBXProject;
			attributes = {
				LastUpgradeCheck = 0600;
				ORGANIZATIONNAME = "Gabriel Vermesan";
				TargetAttributes = {
					1EF66FF219AF6EE800D0BAA7 = {
						CreatedOnToolsVersion = 6.0;
					};
					1EF6700819AF6EE800D0BAA7 = {
						CreatedOnToolsVersion = 6.0;
						TestTargetID = 1EF66FF219AF6EE800D0BAA7;
					};
				};
			};
			buildConfigurationList = 1EF66FEE19AF6EE800D0BAA7 /* Build configuration list for PBXProject "SplitViewController" */;
			compatibilityVersion = "Xcode 3.2";
			developmentRegion = English;
			hasScannedForEncodings = 0;
			knownRegions = (
				en,
				Base,
			);
			mainGroup = 1EF66FEA19AF6EE800D0BAA7;
			productRefGroup = 1EF66FF419AF6EE800D0BAA7 /* Products */;
			projectDirPath = "";
			projectRoot = "";
			targets = (
				1EF66FF219AF6EE800D0BAA7 /* SplitViewController */,
				1EF6700819AF6EE800D0BAA7 /* SplitViewControllerTests */,
			);
		};
/* End PBXProject section */

/* Begin PBXResourcesBuildPhase section */
		1EF66FF119AF6EE800D0BAA7 /* Resources */ = {
			isa = PBXResourcesBuildPhase;
			buildActionMask = 2147483647;
			files = (
				1EF6700219AF6EE800D0BAA7 /* Main.storyboard in Resources */,
				1EF6700419AF6EE800D0BAA7 /* Images.xcassets in Resources */,
			);
			runOnlyForDeploymentPostprocessing = 0;
		};
		1EF6700719AF6EE800D0BAA7 /* Resources */ = {
			isa = PBXResourcesBuildPhase;
			buildActionMask = 2147483647;
			files = (
			);
			runOnlyForDeploymentPostprocessing = 0;
		};
/* End PBXResourcesBuildPhase section */

/* Begin PBXSourcesBuildPhase section */
		1EF66FEF19AF6EE800D0BAA7 /* Sources */ = {
			isa = PBXSourcesBuildPhase;
			buildActionMask = 2147483647;
			files = (
				1EF66FFF19AF6EE800D0BAA7 /* ViewController.m in Sources */,
				1EF66FFC19AF6EE800D0BAA7 /* AppDelegate.m in Sources */,
				1EF66FF919AF6EE800D0BAA7 /* main.m in Sources */,
			);
			runOnlyForDeploymentPostprocessing = 0;
		};
		1EF6700519AF6EE800D0BAA7 /* Sources */ = {
			isa = PBXSourcesBuildPhase;
			buildActionMask = 2147483647;
			files = (
				1EF6701019AF6EE800D0BAA7 /* SplitViewControllerTests.m in Sources */,
			);
			runOnlyForDeploymentPostprocessing = 0;
		};
/* End PBXSourcesBuildPhase section */

/* Begin PBXTargetDependency section */
		1EF6700B19AF6EE800D0BAA7 /* PBXTargetDependency */ = {
			isa = PBXTargetDependency;
			target = 1EF66FF219AF6EE800D0BAA7 /* SplitViewController */;
			targetProxy = 1EF6700A19AF6EE800D0BAA7 /* PBXContainerItemProxy */;
		};
/* End PBXTargetDependency section */

/* Begin PBXVariantGroup section */
		1EF6700019AF6EE800D0BAA7 /* Main.storyboard */ = {
			isa = PBXVariantGroup;
			children = (
				1EF6700119AF6EE800D0BAA7 /* Base */,
			);
			name = Main.storyboard;
			sourceTree = "<group>";
		};
/* End PBXVariantGroup section */

/* Begin XCBuildConfiguration section */
		1EF6701119AF6EE800D0BAA7 /* Debug */ = {
			isa = XCBuildConfiguration;
			buildSettings = {
				ALWAYS_SEARCH_USER_PATHS = NO;
				CLANG_CXX_LANGUAGE_STANDARD = "gnu++0x";
				CLANG_CXX_LIBRARY = "libc++";
				CLANG_ENABLE_MODULES = YES;
				CLANG_ENABLE_OBJC_ARC = YES;
				CLANG_WARN_BOOL_CONVERSION = YES;
				CLANG_WARN_CONSTANT_CONVERSION = YES;
				CLANG_WARN_DIRECT_OBJC_ISA_USAGE = YES_ERROR;
				CLANG_WARN_EMPTY_BODY = YES;
				CLANG_WARN_ENUM_CONVERSION = YES;
				CLANG_WARN_INT_CONVERSION = YES;
				CLANG_WARN_OBJC_ROOT_CLASS = YES_ERROR;
				CLANG_WARN_UNREACHABLE_CODE = YES;
				CLANG_WARN__DUPLICATE_METHOD_MATCH = YES;
				"CODE_SIGN_IDENTITY[sdk=iphoneos*]" = "iPhone Developer";
				COPY_PHASE_STRIP = NO;
				ENABLE_STRICT_OBJC_MSGSEND = YES;
				GCC_C_LANGUAGE_STANDARD = gnu99;
				GCC_DYNAMIC_NO_PIC = NO;
				GCC_OPTIMIZATION_LEVEL = 0;
				GCC_PREPROCESSOR_DEFINITIONS = (
					"DEBUG=1",
					"$(inherited)",
				);
				GCC_SYMBOLS_PRIVATE_EXTERN = NO;
				GCC_WARN_64_TO_32_BIT_CONVERSION = YES;
				GCC_WARN_ABOUT_RETURN_TYPE = YES_ERROR;
				GCC_WARN_UNDECLARED_SELECTOR = YES;
				GCC_WARN_UNINITIALIZED_AUTOS = YES_AGGRESSIVE;
				GCC_WARN_UNUSED_FUNCTION = YES;
				GCC_WARN_UNUSED_VARIABLE = YES;
				IPHONEOS_DEPLOYMENT_TARGET = 8.0;
				MTL_ENABLE_DEBUG_INFO = YES;
				ONLY_ACTIVE_ARCH = YES;
				SDKROOT = iphoneos;
				TARGETED_DEVICE_FAMILY = "1,2";
			};
			name = Debug;
		};
		1EF6701219AF6EE800D0BAA7 /* Release */ = {
			isa = XCBuildConfiguration;
			buildSettings = {
				ALWAYS_SEARCH_USER_PATHS = NO;
				CLANG_CXX_LANGUAGE_STANDARD = "gnu++0x";
				CLANG_CXX_LIBRARY = "libc++";
				CLANG_ENABLE_MODULES = YES;
				CLANG_ENABLE_OBJC_ARC = YES;
				CLANG_WARN_BOOL_CONVERSION = YES;
				CLANG_WARN_CONSTANT_CONVERSION = YES;
				CLANG_WARN_DIRECT_OBJC_ISA_USAGE = YES_ERROR;
				CLANG_WARN_EMPTY_BODY = YES;
				CLANG_WARN_ENUM_CONVERSION = YES;
				CLANG_WARN_INT_CONVERSION = YES;
				CLANG_WARN_OBJC_ROOT_CLASS = YES_ERROR;
				CLANG_WARN_UNREACHABLE_CODE = YES;
				CLANG_WARN__DUPLICATE_METHOD_MATCH = YES;
				"CODE_SIGN_IDENTITY[sdk=iphoneos*]" = "iPhone Developer";
				COPY_PHASE_STRIP = YES;
				ENABLE_NS_ASSERTIONS = NO;
				ENABLE_STRICT_OBJC_MSGSEND = YES;
				GCC_C_LANGUAGE_STANDARD = gnu99;
				GCC_WARN_64_TO_32_BIT_CONVERSION = YES;
				GCC_WARN_ABOUT_RETURN_TYPE = YES_ERROR;
				GCC_WARN_UNDECLARED_SELECTOR = YES;
				GCC_WARN_UNINITIALIZED_AUTOS = YES_AGGRESSIVE;
				GCC_WARN_UNUSED_FUNCTION = YES;
				GCC_WARN_UNUSED_VARIABLE = YES;
				IPHONEOS_DEPLOYMENT_TARGET = 8.0;
				MTL_ENABLE_DEBUG_INFO = NO;
				SDKROOT = iphoneos;
				TARGETED_DEVICE_FAMILY = "1,2";
				VALIDATE_PRODUCT = YES;
			};
			name = Release;
		};
		1EF6701419AF6EE800D0BAA7 /* Debug */ = {
			isa = XCBuildConfiguration;
			buildSettings = {
				ASSETCATALOG_COMPILER_APPICON_NAME = AppIcon;
				ASSETCATALOG_COMPILER_LAUNCHIMAGE_NAME = LaunchImage;
				INFOPLIST_FILE = SplitViewController/Info.plist;
				LD_RUNPATH_SEARCH_PATHS = "$(inherited) @executable_path/Frameworks";
				PRODUCT_NAME = "$(TARGET_NAME)";
			};
			name = Debug;
		};
		1EF6701519AF6EE800D0BAA7 /* Release */ = {
			isa = XCBuildConfiguration;
			buildSettings = {
				ASSETCATALOG_COMPILER_APPICON_NAME = AppIcon;
				ASSETCATALOG_COMPILER_LAUNCHIMAGE_NAME = LaunchImage;
				INFOPLIST_FILE = SplitViewController/Info.plist;
				LD_RUNPATH_SEARCH_PATHS = "$(inherited) @executable_path/Frameworks";
				PRODUCT_NAME = "$(TARGET_NAME)";
			};
			name = Release;
		};
		1EF6701719AF6EE800D0BAA7 /* Debug */ = {
			isa = XCBuildConfiguration;
			buildSettings = {
				BUNDLE_LOADER = "$(TEST_HOST)";
				FRAMEWORK_SEARCH_PATHS = (
					"$(SDKROOT)/Developer/Library/Frameworks",
					"$(inherited)",
				);
				GCC_PREPROCESSOR_DEFINITIONS = (
					"DEBUG=1",
					"$(inherited)",
				);
				INFOPLIST_FILE = SplitViewControllerTests/Info.plist;
				LD_RUNPATH_SEARCH_PATHS = "$(inherited) @executable_path/Frameworks @loader_path/Frameworks";
				PRODUCT_NAME = "$(TARGET_NAME)";
				TEST_HOST = "$(BUILT_PRODUCTS_DIR)/SplitViewController.app/SplitViewController";
			};
			name = Debug;
		};
		1EF6701819AF6EE800D0BAA7 /* Release */ = {
			isa = XCBuildConfiguration;
			buildSettings = {
				BUNDLE_LOADER = "$(TEST_HOST)";
				FRAMEWORK_SEARCH_PATHS = (
					"$(SDKROOT)/Developer/Library/Frameworks",
					"$(inherited)",
				);
				INFOPLIST_FILE = SplitViewControllerTests/Info.plist;
				LD_RUNPATH_SEARCH_PATHS = "$(inherited) @executable_path/Frameworks @loader_path/Frameworks";
				PRODUCT_NAME = "$(TARGET_NAME)";
				TEST_HOST = "$(BUILT_PRODUCTS_DIR)/SplitViewController.app/SplitViewController";
			};
			name = Release;
		};
/* End XCBuildConfiguration section */

/* Begin XCConfigurationList section */
		1EF66FEE19AF6EE800D0BAA7 /* Build configuration list for PBXProject "SplitViewController" */ = {
			isa = XCConfigurationList;
			buildConfigurations = (
				1EF6701119AF6EE800D0BAA7 /* Debug */,
				1EF6701219AF6EE800D0BAA7 /* Release */,
			);
			defaultConfigurationIsVisible = 0;
			defaultConfigurationName = Release;
		};
		1EF6701319AF6EE800D0BAA7 /* Build configuration list for PBXNativeTarget "SplitViewController" */ = {
			isa = XCConfigurationList;
			buildConfigurations = (
				1EF6701419AF6EE800D0BAA7 /* Debug */,
				1EF6701519AF6EE800D0BAA7 /* Release */,
			);
			defaultConfigurationIsVisible = 0;
		};
		1EF6701619AF6EE800D0BAA7 /* Build configuration list for PBXNativeTarget "SplitViewControllerTests" */ = {
			isa = XCConfigurationList;
			buildConfigurations = (
				1EF6701719AF6EE800D0BAA7 /* Debug */,
				1EF6701819AF6EE800D0BAA7 /* Release */,
			);
			defaultConfigurationIsVisible = 0;
		};
/* End XCConfigurationList section */
	};
	rootObject = 1EF66FEB19AF6EE800D0BAA7 /* Project object */;
}
